
Microsoft Visual Studio Solution File, Format Version 12.00
# Visual Studio Version 17
VisualStudioVersion = 17.1.32414.318
MinimumVisualStudioVersion = 10.0.40219.1
Project("{FAE04EC0-301F-11D3-BF4B-00C04F79EFBC}") = "08_Bloc De Notas", "08_Bloc De Notas\08_Bloc De Notas.csproj", "{833C0582-AAEA-4CB2-A612-C40C41FF0744}"
EndProject
Global
	GlobalSection(SolutionConfigurationPlatforms) = preSolution
		Debug|Any CPU = Debug|Any CPU
		Release|Any CPU = Release|Any CPU
	EndGlobalSection
	GlobalSection(ProjectConfigurationPlatforms) = postSolution
		{833C0582-AAEA-4CB2-A612-C40C41FF0744}.Debug|Any CPU.ActiveCfg = Debug|Any CPU
		{833C0582-AAEA-4CB2-A612-C40C41FF0744}.Debug|Any CPU.Build.0 = Debug|Any CPU
		{833C0582-AAEA-4CB2-A612-C40C41FF0744}.Release|Any CPU.ActiveCfg = Release|Any CPU
		{833C0582-AAEA-4CB2-A612-C40C41FF0744}.Release|Any CPU.Build.0 = Release|Any CPU
	EndGlobalSection
	GlobalSection(SolutionProperties) = preSolution
		HideSolutionNode = FALSE
	EndGlobalSection
	GlobalSection(ExtensibilityGlobals) = postSolution
		SolutionGuid = {767B98C5-33EC-465D-907B-56C5934F7ECD}
	EndGlobalSection
EndGlobal
