
Microsoft Visual Studio Solution File, Format Version 12.00
# Visual Studio Version 16
VisualStudioVersion = 16.0.31702.278
MinimumVisualStudioVersion = 10.0.40219.1
Project("{FAE04EC0-301F-11D3-BF4B-00C04F79EFBC}") = "05_WhileContador", "05_WhileContador\05_WhileContador.csproj", "{4D7E9FBB-FC63-4EAB-9FAC-E443CA733393}"
EndProject
Global
	GlobalSection(SolutionConfigurationPlatforms) = preSolution
		Debug|Any CPU = Debug|Any CPU
		Release|Any CPU = Release|Any CPU
	EndGlobalSection
	GlobalSection(ProjectConfigurationPlatforms) = postSolution
		{4D7E9FBB-FC63-4EAB-9FAC-E443CA733393}.Debug|Any CPU.ActiveCfg = Debug|Any CPU
		{4D7E9FBB-FC63-4EAB-9FAC-E443CA733393}.Debug|Any CPU.Build.0 = Debug|Any CPU
		{4D7E9FBB-FC63-4EAB-9FAC-E443CA733393}.Release|Any CPU.ActiveCfg = Release|Any CPU
		{4D7E9FBB-FC63-4EAB-9FAC-E443CA733393}.Release|Any CPU.Build.0 = Release|Any CPU
	EndGlobalSection
	GlobalSection(SolutionProperties) = preSolution
		HideSolutionNode = FALSE
	EndGlobalSection
	GlobalSection(ExtensibilityGlobals) = postSolution
		SolutionGuid = {E81534A7-8C59-4E4F-95F9-D46B62DBB145}
	EndGlobalSection
EndGlobal
