
Microsoft Visual Studio Solution File, Format Version 12.00
# Visual Studio Version 17
VisualStudioVersion = 17.1.32328.378
MinimumVisualStudioVersion = 10.0.40219.1
Project("{FAE04EC0-301F-11D3-BF4B-00C04F79EFBC}") = "06_Traductor inglés-español", "06_Traductor inglés-español\06_Traductor inglés-español.csproj", "{B30565BF-6B0E-435D-9CFA-300B534AD7A3}"
EndProject
Global
	GlobalSection(SolutionConfigurationPlatforms) = preSolution
		Debug|Any CPU = Debug|Any CPU
		Release|Any CPU = Release|Any CPU
	EndGlobalSection
	GlobalSection(ProjectConfigurationPlatforms) = postSolution
		{B30565BF-6B0E-435D-9CFA-300B534AD7A3}.Debug|Any CPU.ActiveCfg = Debug|Any CPU
		{B30565BF-6B0E-435D-9CFA-300B534AD7A3}.Debug|Any CPU.Build.0 = Debug|Any CPU
		{B30565BF-6B0E-435D-9CFA-300B534AD7A3}.Release|Any CPU.ActiveCfg = Release|Any CPU
		{B30565BF-6B0E-435D-9CFA-300B534AD7A3}.Release|Any CPU.Build.0 = Release|Any CPU
	EndGlobalSection
	GlobalSection(SolutionProperties) = preSolution
		HideSolutionNode = FALSE
	EndGlobalSection
	GlobalSection(ExtensibilityGlobals) = postSolution
		SolutionGuid = {89D19E4A-31B5-401B-896F-EEC4362DF41D}
	EndGlobalSection
EndGlobal
