
Microsoft Visual Studio Solution File, Format Version 12.00
# Visual Studio Version 16
VisualStudioVersion = 16.0.31729.503
MinimumVisualStudioVersion = 10.0.40219.1
Project("{FAE04EC0-301F-11D3-BF4B-00C04F79EFBC}") = "02_Ficheros_Binarios", "02_Ficheros_Binarios\02_Ficheros_Binarios.csproj", "{BD027CD2-FB79-4B96-96F9-D5E2E00665A2}"
EndProject
Global
	GlobalSection(SolutionConfigurationPlatforms) = preSolution
		Debug|Any CPU = Debug|Any CPU
		Release|Any CPU = Release|Any CPU
	EndGlobalSection
	GlobalSection(ProjectConfigurationPlatforms) = postSolution
		{BD027CD2-FB79-4B96-96F9-D5E2E00665A2}.Debug|Any CPU.ActiveCfg = Debug|Any CPU
		{BD027CD2-FB79-4B96-96F9-D5E2E00665A2}.Debug|Any CPU.Build.0 = Debug|Any CPU
		{BD027CD2-FB79-4B96-96F9-D5E2E00665A2}.Release|Any CPU.ActiveCfg = Release|Any CPU
		{BD027CD2-FB79-4B96-96F9-D5E2E00665A2}.Release|Any CPU.Build.0 = Release|Any CPU
	EndGlobalSection
	GlobalSection(SolutionProperties) = preSolution
		HideSolutionNode = FALSE
	EndGlobalSection
	GlobalSection(ExtensibilityGlobals) = postSolution
		SolutionGuid = {9704D325-A357-41BB-B501-7D20295E550F}
	EndGlobalSection
EndGlobal
