
Microsoft Visual Studio Solution File, Format Version 12.00
# Visual Studio Version 16
VisualStudioVersion = 16.0.31702.278
MinimumVisualStudioVersion = 10.0.40219.1
Project("{FAE04EC0-301F-11D3-BF4B-00C04F79EFBC}") = "mitad", "mitad\mitad.csproj", "{F7DC4E23-23A7-48B4-A0DF-91A44042AF2E}"
EndProject
Global
	GlobalSection(SolutionConfigurationPlatforms) = preSolution
		Debug|Any CPU = Debug|Any CPU
		Release|Any CPU = Release|Any CPU
	EndGlobalSection
	GlobalSection(ProjectConfigurationPlatforms) = postSolution
		{F7DC4E23-23A7-48B4-A0DF-91A44042AF2E}.Debug|Any CPU.ActiveCfg = Debug|Any CPU
		{F7DC4E23-23A7-48B4-A0DF-91A44042AF2E}.Debug|Any CPU.Build.0 = Debug|Any CPU
		{F7DC4E23-23A7-48B4-A0DF-91A44042AF2E}.Release|Any CPU.ActiveCfg = Release|Any CPU
		{F7DC4E23-23A7-48B4-A0DF-91A44042AF2E}.Release|Any CPU.Build.0 = Release|Any CPU
	EndGlobalSection
	GlobalSection(SolutionProperties) = preSolution
		HideSolutionNode = FALSE
	EndGlobalSection
	GlobalSection(ExtensibilityGlobals) = postSolution
		SolutionGuid = {F84410EE-AFAA-4306-9FA8-BD4AF971771B}
	EndGlobalSection
EndGlobal
