
Microsoft Visual Studio Solution File, Format Version 12.00
# Visual Studio Version 16
VisualStudioVersion = 16.0.31729.503
MinimumVisualStudioVersion = 10.0.40219.1
Project("{FAE04EC0-301F-11D3-BF4B-00C04F79EFBC}") = "EJ1_Lucas", "EJ1_Lucas\EJ1_Lucas.csproj", "{B526EFB7-1FB3-479C-8F63-47027C1287B0}"
EndProject
Global
	GlobalSection(SolutionConfigurationPlatforms) = preSolution
		Debug|Any CPU = Debug|Any CPU
		Release|Any CPU = Release|Any CPU
	EndGlobalSection
	GlobalSection(ProjectConfigurationPlatforms) = postSolution
		{B526EFB7-1FB3-479C-8F63-47027C1287B0}.Debug|Any CPU.ActiveCfg = Debug|Any CPU
		{B526EFB7-1FB3-479C-8F63-47027C1287B0}.Debug|Any CPU.Build.0 = Debug|Any CPU
		{B526EFB7-1FB3-479C-8F63-47027C1287B0}.Release|Any CPU.ActiveCfg = Release|Any CPU
		{B526EFB7-1FB3-479C-8F63-47027C1287B0}.Release|Any CPU.Build.0 = Release|Any CPU
	EndGlobalSection
	GlobalSection(SolutionProperties) = preSolution
		HideSolutionNode = FALSE
	EndGlobalSection
	GlobalSection(ExtensibilityGlobals) = postSolution
		SolutionGuid = {905E2272-BC72-4398-BAE8-2A471D65CB71}
	EndGlobalSection
EndGlobal
