
Microsoft Visual Studio Solution File, Format Version 12.00
# Visual Studio Version 17
VisualStudioVersion = 17.1.32414.318
MinimumVisualStudioVersion = 10.0.40219.1
Project("{FAE04EC0-301F-11D3-BF4B-00C04F79EFBC}") = "01_PruebaFiltros", "01_PruebaFiltros\01_PruebaFiltros.csproj", "{A85A8F62-0F9F-42BD-9F79-FE1EC05BFB21}"
EndProject
Global
	GlobalSection(SolutionConfigurationPlatforms) = preSolution
		Debug|Any CPU = Debug|Any CPU
		Release|Any CPU = Release|Any CPU
	EndGlobalSection
	GlobalSection(ProjectConfigurationPlatforms) = postSolution
		{A85A8F62-0F9F-42BD-9F79-FE1EC05BFB21}.Debug|Any CPU.ActiveCfg = Debug|Any CPU
		{A85A8F62-0F9F-42BD-9F79-FE1EC05BFB21}.Debug|Any CPU.Build.0 = Debug|Any CPU
		{A85A8F62-0F9F-42BD-9F79-FE1EC05BFB21}.Release|Any CPU.ActiveCfg = Release|Any CPU
		{A85A8F62-0F9F-42BD-9F79-FE1EC05BFB21}.Release|Any CPU.Build.0 = Release|Any CPU
	EndGlobalSection
	GlobalSection(SolutionProperties) = preSolution
		HideSolutionNode = FALSE
	EndGlobalSection
	GlobalSection(ExtensibilityGlobals) = postSolution
		SolutionGuid = {54982766-5CDC-4E44-A0D9-1C283E73C25F}
	EndGlobalSection
EndGlobal
