
Microsoft Visual Studio Solution File, Format Version 12.00
# Visual Studio Version 16
VisualStudioVersion = 16.0.31702.278
MinimumVisualStudioVersion = 10.0.40219.1
Project("{FAE04EC0-301F-11D3-BF4B-00C04F79EFBC}") = "06_Condición", "06_Condición\06_Condición.csproj", "{1FAC54AB-B4B5-452E-B31D-07CC8DA5FE53}"
EndProject
Global
	GlobalSection(SolutionConfigurationPlatforms) = preSolution
		Debug|Any CPU = Debug|Any CPU
		Release|Any CPU = Release|Any CPU
	EndGlobalSection
	GlobalSection(ProjectConfigurationPlatforms) = postSolution
		{1FAC54AB-B4B5-452E-B31D-07CC8DA5FE53}.Debug|Any CPU.ActiveCfg = Debug|Any CPU
		{1FAC54AB-B4B5-452E-B31D-07CC8DA5FE53}.Debug|Any CPU.Build.0 = Debug|Any CPU
		{1FAC54AB-B4B5-452E-B31D-07CC8DA5FE53}.Release|Any CPU.ActiveCfg = Release|Any CPU
		{1FAC54AB-B4B5-452E-B31D-07CC8DA5FE53}.Release|Any CPU.Build.0 = Release|Any CPU
	EndGlobalSection
	GlobalSection(SolutionProperties) = preSolution
		HideSolutionNode = FALSE
	EndGlobalSection
	GlobalSection(ExtensibilityGlobals) = postSolution
		SolutionGuid = {220A93E5-91B8-402B-B34B-63F3E327FA47}
	EndGlobalSection
EndGlobal
