
Microsoft Visual Studio Solution File, Format Version 12.00
# Visual Studio Version 16
VisualStudioVersion = 16.0.31729.503
MinimumVisualStudioVersion = 10.0.40219.1
Project("{FAE04EC0-301F-11D3-BF4B-00C04F79EFBC}") = "Funciones_05_Signo_LRZ", "Funciones_05_Signo_LRZ\Funciones_05_Signo_LRZ.csproj", "{0DFC46BF-2C36-4494-928A-86E95E46752F}"
EndProject
Global
	GlobalSection(SolutionConfigurationPlatforms) = preSolution
		Debug|Any CPU = Debug|Any CPU
		Release|Any CPU = Release|Any CPU
	EndGlobalSection
	GlobalSection(ProjectConfigurationPlatforms) = postSolution
		{0DFC46BF-2C36-4494-928A-86E95E46752F}.Debug|Any CPU.ActiveCfg = Debug|Any CPU
		{0DFC46BF-2C36-4494-928A-86E95E46752F}.Debug|Any CPU.Build.0 = Debug|Any CPU
		{0DFC46BF-2C36-4494-928A-86E95E46752F}.Release|Any CPU.ActiveCfg = Release|Any CPU
		{0DFC46BF-2C36-4494-928A-86E95E46752F}.Release|Any CPU.Build.0 = Release|Any CPU
	EndGlobalSection
	GlobalSection(SolutionProperties) = preSolution
		HideSolutionNode = FALSE
	EndGlobalSection
	GlobalSection(ExtensibilityGlobals) = postSolution
		SolutionGuid = {64AB022B-15A4-4A73-B6C5-9655D3B53D59}
	EndGlobalSection
EndGlobal
