
Microsoft Visual Studio Solution File, Format Version 12.00
# Visual Studio Version 16
VisualStudioVersion = 16.0.32228.343
MinimumVisualStudioVersion = 10.0.40219.1
Project("{FAE04EC0-301F-11D3-BF4B-00C04F79EFBC}") = "Ej4_Lucas_Ruiz_Zapata", "Ej4_Lucas_Ruiz_Zapata\Ej4_Lucas_Ruiz_Zapata.csproj", "{346F2790-B71F-4110-A264-C1CE136ED5BF}"
EndProject
Global
	GlobalSection(SolutionConfigurationPlatforms) = preSolution
		Debug|Any CPU = Debug|Any CPU
		Release|Any CPU = Release|Any CPU
	EndGlobalSection
	GlobalSection(ProjectConfigurationPlatforms) = postSolution
		{346F2790-B71F-4110-A264-C1CE136ED5BF}.Debug|Any CPU.ActiveCfg = Debug|Any CPU
		{346F2790-B71F-4110-A264-C1CE136ED5BF}.Debug|Any CPU.Build.0 = Debug|Any CPU
		{346F2790-B71F-4110-A264-C1CE136ED5BF}.Release|Any CPU.ActiveCfg = Release|Any CPU
		{346F2790-B71F-4110-A264-C1CE136ED5BF}.Release|Any CPU.Build.0 = Release|Any CPU
	EndGlobalSection
	GlobalSection(SolutionProperties) = preSolution
		HideSolutionNode = FALSE
	EndGlobalSection
	GlobalSection(ExtensibilityGlobals) = postSolution
		SolutionGuid = {38A729EE-B0B7-48B1-9791-C5F9D3344691}
	EndGlobalSection
EndGlobal
