
Microsoft Visual Studio Solution File, Format Version 12.00
# Visual Studio Version 16
VisualStudioVersion = 16.0.31729.503
MinimumVisualStudioVersion = 10.0.40219.1
Project("{FAE04EC0-301F-11D3-BF4B-00C04F79EFBC}") = "01_Listas", "01_Listas\01_Listas.csproj", "{10B4D5AD-120F-441E-9877-20DB924DC5F1}"
EndProject
Global
	GlobalSection(SolutionConfigurationPlatforms) = preSolution
		Debug|Any CPU = Debug|Any CPU
		Release|Any CPU = Release|Any CPU
	EndGlobalSection
	GlobalSection(ProjectConfigurationPlatforms) = postSolution
		{10B4D5AD-120F-441E-9877-20DB924DC5F1}.Debug|Any CPU.ActiveCfg = Debug|Any CPU
		{10B4D5AD-120F-441E-9877-20DB924DC5F1}.Debug|Any CPU.Build.0 = Debug|Any CPU
		{10B4D5AD-120F-441E-9877-20DB924DC5F1}.Release|Any CPU.ActiveCfg = Release|Any CPU
		{10B4D5AD-120F-441E-9877-20DB924DC5F1}.Release|Any CPU.Build.0 = Release|Any CPU
	EndGlobalSection
	GlobalSection(SolutionProperties) = preSolution
		HideSolutionNode = FALSE
	EndGlobalSection
	GlobalSection(ExtensibilityGlobals) = postSolution
		SolutionGuid = {CD9193A2-0CDC-41E3-9F9B-682D39351BAC}
	EndGlobalSection
EndGlobal
