
Microsoft Visual Studio Solution File, Format Version 12.00
# Visual Studio Version 17
VisualStudioVersion = 17.1.32414.318
MinimumVisualStudioVersion = 10.0.40219.1
Project("{FAE04EC0-301F-11D3-BF4B-00C04F79EFBC}") = "03_FichasAlumnos", "03_FichasAlumnos\03_FichasAlumnos.csproj", "{06A1594F-7A7F-4926-BB9D-100B401E6F23}"
EndProject
Global
	GlobalSection(SolutionConfigurationPlatforms) = preSolution
		Debug|Any CPU = Debug|Any CPU
		Release|Any CPU = Release|Any CPU
	EndGlobalSection
	GlobalSection(ProjectConfigurationPlatforms) = postSolution
		{06A1594F-7A7F-4926-BB9D-100B401E6F23}.Debug|Any CPU.ActiveCfg = Debug|Any CPU
		{06A1594F-7A7F-4926-BB9D-100B401E6F23}.Debug|Any CPU.Build.0 = Debug|Any CPU
		{06A1594F-7A7F-4926-BB9D-100B401E6F23}.Release|Any CPU.ActiveCfg = Release|Any CPU
		{06A1594F-7A7F-4926-BB9D-100B401E6F23}.Release|Any CPU.Build.0 = Release|Any CPU
	EndGlobalSection
	GlobalSection(SolutionProperties) = preSolution
		HideSolutionNode = FALSE
	EndGlobalSection
	GlobalSection(ExtensibilityGlobals) = postSolution
		SolutionGuid = {C094D97C-01C6-4E7E-95F8-F14AA648BE7D}
	EndGlobalSection
EndGlobal
