
Microsoft Visual Studio Solution File, Format Version 12.00
# Visual Studio Version 16
VisualStudioVersion = 16.0.31702.278
MinimumVisualStudioVersion = 10.0.40219.1
Project("{FAE04EC0-301F-11D3-BF4B-00C04F79EFBC}") = "División y resto", "División y resto\División y resto.csproj", "{74C6C352-072C-4418-B465-F84E4C0BAF29}"
EndProject
Global
	GlobalSection(SolutionConfigurationPlatforms) = preSolution
		Debug|Any CPU = Debug|Any CPU
		Release|Any CPU = Release|Any CPU
	EndGlobalSection
	GlobalSection(ProjectConfigurationPlatforms) = postSolution
		{74C6C352-072C-4418-B465-F84E4C0BAF29}.Debug|Any CPU.ActiveCfg = Debug|Any CPU
		{74C6C352-072C-4418-B465-F84E4C0BAF29}.Debug|Any CPU.Build.0 = Debug|Any CPU
		{74C6C352-072C-4418-B465-F84E4C0BAF29}.Release|Any CPU.ActiveCfg = Release|Any CPU
		{74C6C352-072C-4418-B465-F84E4C0BAF29}.Release|Any CPU.Build.0 = Release|Any CPU
	EndGlobalSection
	GlobalSection(SolutionProperties) = preSolution
		HideSolutionNode = FALSE
	EndGlobalSection
	GlobalSection(ExtensibilityGlobals) = postSolution
		SolutionGuid = {9812EF50-D79F-4559-8D79-2733C7770268}
	EndGlobalSection
EndGlobal
