
Microsoft Visual Studio Solution File, Format Version 12.00
# Visual Studio Version 16
VisualStudioVersion = 16.0.31729.503
MinimumVisualStudioVersion = 10.0.40219.1
Project("{9A19103F-16F7-4668-BE54-9A1E7A4F7556}") = "Estructurada_40_LRZ", "Estructurada_40_LRZ\Estructurada_40_LRZ.csproj", "{E82A290F-92E0-4BB9-A78A-FC65738A4F9F}"
EndProject
Project("{9A19103F-16F7-4668-BE54-9A1E7A4F7556}") = "Variables", "..\..\TEORIA\01\Variables\Variables\Variables.csproj", "{01AD1A45-2A97-4DDA-840D-87093B16F35F}"
EndProject
Project("{FAE04EC0-301F-11D3-BF4B-00C04F79EFBC}") = "Estructurada_40_LRZ_Bien", "Estructurada_40_LRZ_Bien\Estructurada_40_LRZ_Bien.csproj", "{FA80CA6A-788A-49AC-9A98-078D43407975}"
EndProject
Global
	GlobalSection(SolutionConfigurationPlatforms) = preSolution
		Debug|Any CPU = Debug|Any CPU
		Release|Any CPU = Release|Any CPU
	EndGlobalSection
	GlobalSection(ProjectConfigurationPlatforms) = postSolution
		{E82A290F-92E0-4BB9-A78A-FC65738A4F9F}.Debug|Any CPU.ActiveCfg = Debug|Any CPU
		{E82A290F-92E0-4BB9-A78A-FC65738A4F9F}.Debug|Any CPU.Build.0 = Debug|Any CPU
		{E82A290F-92E0-4BB9-A78A-FC65738A4F9F}.Release|Any CPU.ActiveCfg = Release|Any CPU
		{E82A290F-92E0-4BB9-A78A-FC65738A4F9F}.Release|Any CPU.Build.0 = Release|Any CPU
		{01AD1A45-2A97-4DDA-840D-87093B16F35F}.Debug|Any CPU.ActiveCfg = Debug|Any CPU
		{01AD1A45-2A97-4DDA-840D-87093B16F35F}.Debug|Any CPU.Build.0 = Debug|Any CPU
		{01AD1A45-2A97-4DDA-840D-87093B16F35F}.Release|Any CPU.ActiveCfg = Release|Any CPU
		{01AD1A45-2A97-4DDA-840D-87093B16F35F}.Release|Any CPU.Build.0 = Release|Any CPU
		{FA80CA6A-788A-49AC-9A98-078D43407975}.Debug|Any CPU.ActiveCfg = Debug|Any CPU
		{FA80CA6A-788A-49AC-9A98-078D43407975}.Debug|Any CPU.Build.0 = Debug|Any CPU
		{FA80CA6A-788A-49AC-9A98-078D43407975}.Release|Any CPU.ActiveCfg = Release|Any CPU
		{FA80CA6A-788A-49AC-9A98-078D43407975}.Release|Any CPU.Build.0 = Release|Any CPU
	EndGlobalSection
	GlobalSection(SolutionProperties) = preSolution
		HideSolutionNode = FALSE
	EndGlobalSection
	GlobalSection(ExtensibilityGlobals) = postSolution
		SolutionGuid = {3F0F860D-C5EC-4432-AE06-19AF96661D18}
	EndGlobalSection
EndGlobal
