
Microsoft Visual Studio Solution File, Format Version 12.00
# Visual Studio Version 16
VisualStudioVersion = 16.0.32228.343
MinimumVisualStudioVersion = 10.0.40219.1
Project("{FAE04EC0-301F-11D3-BF4B-00C04F79EFBC}") = "repaso", "repaso\repaso.csproj", "{393668F1-17C5-4F95-8872-571F2B92B423}"
EndProject
Global
	GlobalSection(SolutionConfigurationPlatforms) = preSolution
		Debug|Any CPU = Debug|Any CPU
		Release|Any CPU = Release|Any CPU
	EndGlobalSection
	GlobalSection(ProjectConfigurationPlatforms) = postSolution
		{393668F1-17C5-4F95-8872-571F2B92B423}.Debug|Any CPU.ActiveCfg = Debug|Any CPU
		{393668F1-17C5-4F95-8872-571F2B92B423}.Debug|Any CPU.Build.0 = Debug|Any CPU
		{393668F1-17C5-4F95-8872-571F2B92B423}.Release|Any CPU.ActiveCfg = Release|Any CPU
		{393668F1-17C5-4F95-8872-571F2B92B423}.Release|Any CPU.Build.0 = Release|Any CPU
	EndGlobalSection
	GlobalSection(SolutionProperties) = preSolution
		HideSolutionNode = FALSE
	EndGlobalSection
	GlobalSection(ExtensibilityGlobals) = postSolution
		SolutionGuid = {2E066F27-F8D3-424E-A188-FF230FAFE0C8}
	EndGlobalSection
EndGlobal
