
Microsoft Visual Studio Solution File, Format Version 12.00
# Visual Studio Version 16
VisualStudioVersion = 16.0.31702.278
MinimumVisualStudioVersion = 10.0.40219.1
Project("{FAE04EC0-301F-11D3-BF4B-00C04F79EFBC}") = "Estructurada_11_LRZ", "Estructurada_11_LRZ\Estructurada_11_LRZ.csproj", "{BAD37DB7-650C-4910-AEB0-D238CA19C25B}"
EndProject
Global
	GlobalSection(SolutionConfigurationPlatforms) = preSolution
		Debug|Any CPU = Debug|Any CPU
		Release|Any CPU = Release|Any CPU
	EndGlobalSection
	GlobalSection(ProjectConfigurationPlatforms) = postSolution
		{BAD37DB7-650C-4910-AEB0-D238CA19C25B}.Debug|Any CPU.ActiveCfg = Debug|Any CPU
		{BAD37DB7-650C-4910-AEB0-D238CA19C25B}.Debug|Any CPU.Build.0 = Debug|Any CPU
		{BAD37DB7-650C-4910-AEB0-D238CA19C25B}.Release|Any CPU.ActiveCfg = Release|Any CPU
		{BAD37DB7-650C-4910-AEB0-D238CA19C25B}.Release|Any CPU.Build.0 = Release|Any CPU
	EndGlobalSection
	GlobalSection(SolutionProperties) = preSolution
		HideSolutionNode = FALSE
	EndGlobalSection
	GlobalSection(ExtensibilityGlobals) = postSolution
		SolutionGuid = {4A67016A-ADA3-46C0-ABDA-B95A2696C0CC}
	EndGlobalSection
EndGlobal
