
Microsoft Visual Studio Solution File, Format Version 12.00
# Visual Studio Version 16
VisualStudioVersion = 16.0.31702.278
MinimumVisualStudioVersion = 10.0.40219.1
Project("{FAE04EC0-301F-11D3-BF4B-00C04F79EFBC}") = "Par o Impar", "Par o Impar\Par o Impar.csproj", "{10A97921-0C01-4C7C-8114-73124063B2FF}"
EndProject
Global
	GlobalSection(SolutionConfigurationPlatforms) = preSolution
		Debug|Any CPU = Debug|Any CPU
		Release|Any CPU = Release|Any CPU
	EndGlobalSection
	GlobalSection(ProjectConfigurationPlatforms) = postSolution
		{10A97921-0C01-4C7C-8114-73124063B2FF}.Debug|Any CPU.ActiveCfg = Debug|Any CPU
		{10A97921-0C01-4C7C-8114-73124063B2FF}.Debug|Any CPU.Build.0 = Debug|Any CPU
		{10A97921-0C01-4C7C-8114-73124063B2FF}.Release|Any CPU.ActiveCfg = Release|Any CPU
		{10A97921-0C01-4C7C-8114-73124063B2FF}.Release|Any CPU.Build.0 = Release|Any CPU
	EndGlobalSection
	GlobalSection(SolutionProperties) = preSolution
		HideSolutionNode = FALSE
	EndGlobalSection
	GlobalSection(ExtensibilityGlobals) = postSolution
		SolutionGuid = {2054BF1C-97AD-4B51-8360-D747311E1F5A}
	EndGlobalSection
EndGlobal
