
Microsoft Visual Studio Solution File, Format Version 12.00
# Visual Studio Version 16
VisualStudioVersion = 16.0.31727.386
MinimumVisualStudioVersion = 10.0.40219.1
Project("{FAE04EC0-301F-11D3-BF4B-00C04F79EFBC}") = "Estructurada_23_LRZ", "Estructurada_23_LRZ\Estructurada_23_LRZ.csproj", "{E35A3352-B4B7-4F13-A636-CE63D34366AD}"
EndProject
Global
	GlobalSection(SolutionConfigurationPlatforms) = preSolution
		Debug|Any CPU = Debug|Any CPU
		Release|Any CPU = Release|Any CPU
	EndGlobalSection
	GlobalSection(ProjectConfigurationPlatforms) = postSolution
		{E35A3352-B4B7-4F13-A636-CE63D34366AD}.Debug|Any CPU.ActiveCfg = Debug|Any CPU
		{E35A3352-B4B7-4F13-A636-CE63D34366AD}.Debug|Any CPU.Build.0 = Debug|Any CPU
		{E35A3352-B4B7-4F13-A636-CE63D34366AD}.Release|Any CPU.ActiveCfg = Release|Any CPU
		{E35A3352-B4B7-4F13-A636-CE63D34366AD}.Release|Any CPU.Build.0 = Release|Any CPU
	EndGlobalSection
	GlobalSection(SolutionProperties) = preSolution
		HideSolutionNode = FALSE
	EndGlobalSection
	GlobalSection(ExtensibilityGlobals) = postSolution
		SolutionGuid = {A8BED9E4-DEA4-407A-AC8F-F4BE1D8A28B3}
	EndGlobalSection
EndGlobal
