
Microsoft Visual Studio Solution File, Format Version 12.00
# Visual Studio Version 17
VisualStudioVersion = 17.1.32414.318
MinimumVisualStudioVersion = 10.0.40219.1
Project("{FAE04EC0-301F-11D3-BF4B-00C04F79EFBC}") = "03_Visual", "03_Visual\03_Visual.csproj", "{151CE3C6-6D5C-46DA-89C7-5B9FD67FC417}"
EndProject
Global
	GlobalSection(SolutionConfigurationPlatforms) = preSolution
		Debug|Any CPU = Debug|Any CPU
		Release|Any CPU = Release|Any CPU
	EndGlobalSection
	GlobalSection(ProjectConfigurationPlatforms) = postSolution
		{151CE3C6-6D5C-46DA-89C7-5B9FD67FC417}.Debug|Any CPU.ActiveCfg = Debug|Any CPU
		{151CE3C6-6D5C-46DA-89C7-5B9FD67FC417}.Debug|Any CPU.Build.0 = Debug|Any CPU
		{151CE3C6-6D5C-46DA-89C7-5B9FD67FC417}.Release|Any CPU.ActiveCfg = Release|Any CPU
		{151CE3C6-6D5C-46DA-89C7-5B9FD67FC417}.Release|Any CPU.Build.0 = Release|Any CPU
	EndGlobalSection
	GlobalSection(SolutionProperties) = preSolution
		HideSolutionNode = FALSE
	EndGlobalSection
	GlobalSection(ExtensibilityGlobals) = postSolution
		SolutionGuid = {BAE5B907-C936-4007-8B68-608C31B6C837}
	EndGlobalSection
EndGlobal
