
Microsoft Visual Studio Solution File, Format Version 12.00
# Visual Studio Version 16
VisualStudioVersion = 16.0.31702.278
MinimumVisualStudioVersion = 10.0.40219.1
Project("{FAE04EC0-301F-11D3-BF4B-00C04F79EFBC}") = "Estructurada_07_LRZ_", "Estructurada_07_LRZ_\Estructurada_07_LRZ_.csproj", "{30665066-5013-4F09-B116-6BD1D5C5CF81}"
EndProject
Global
	GlobalSection(SolutionConfigurationPlatforms) = preSolution
		Debug|Any CPU = Debug|Any CPU
		Release|Any CPU = Release|Any CPU
	EndGlobalSection
	GlobalSection(ProjectConfigurationPlatforms) = postSolution
		{30665066-5013-4F09-B116-6BD1D5C5CF81}.Debug|Any CPU.ActiveCfg = Debug|Any CPU
		{30665066-5013-4F09-B116-6BD1D5C5CF81}.Debug|Any CPU.Build.0 = Debug|Any CPU
		{30665066-5013-4F09-B116-6BD1D5C5CF81}.Release|Any CPU.ActiveCfg = Release|Any CPU
		{30665066-5013-4F09-B116-6BD1D5C5CF81}.Release|Any CPU.Build.0 = Release|Any CPU
	EndGlobalSection
	GlobalSection(SolutionProperties) = preSolution
		HideSolutionNode = FALSE
	EndGlobalSection
	GlobalSection(ExtensibilityGlobals) = postSolution
		SolutionGuid = {CDF0E32E-1869-4D1D-AA9C-614C11464B4C}
	EndGlobalSection
EndGlobal
