
Microsoft Visual Studio Solution File, Format Version 12.00
# Visual Studio Version 16
VisualStudioVersion = 16.0.31702.278
MinimumVisualStudioVersion = 10.0.40219.1
Project("{FAE04EC0-301F-11D3-BF4B-00C04F79EFBC}") = "Bucles_02", "Bucles_02\Bucles_02.csproj", "{A5EBB26A-7206-4B9E-9DCF-3092813B8529}"
EndProject
Global
	GlobalSection(SolutionConfigurationPlatforms) = preSolution
		Debug|Any CPU = Debug|Any CPU
		Release|Any CPU = Release|Any CPU
	EndGlobalSection
	GlobalSection(ProjectConfigurationPlatforms) = postSolution
		{A5EBB26A-7206-4B9E-9DCF-3092813B8529}.Debug|Any CPU.ActiveCfg = Debug|Any CPU
		{A5EBB26A-7206-4B9E-9DCF-3092813B8529}.Debug|Any CPU.Build.0 = Debug|Any CPU
		{A5EBB26A-7206-4B9E-9DCF-3092813B8529}.Release|Any CPU.ActiveCfg = Release|Any CPU
		{A5EBB26A-7206-4B9E-9DCF-3092813B8529}.Release|Any CPU.Build.0 = Release|Any CPU
	EndGlobalSection
	GlobalSection(SolutionProperties) = preSolution
		HideSolutionNode = FALSE
	EndGlobalSection
	GlobalSection(ExtensibilityGlobals) = postSolution
		SolutionGuid = {EA424B62-8563-4335-8B82-FB1893019BED}
	EndGlobalSection
EndGlobal
