
Microsoft Visual Studio Solution File, Format Version 12.00
# Visual Studio Version 16
VisualStudioVersion = 16.0.31729.503
MinimumVisualStudioVersion = 10.0.40219.1
Project("{FAE04EC0-301F-11D3-BF4B-00C04F79EFBC}") = "06_FicherosRegistros", "06_FicherosRegistros\06_FicherosRegistros.csproj", "{36E2242A-DA22-45FB-A9D5-81A2801F706E}"
EndProject
Global
	GlobalSection(SolutionConfigurationPlatforms) = preSolution
		Debug|Any CPU = Debug|Any CPU
		Release|Any CPU = Release|Any CPU
	EndGlobalSection
	GlobalSection(ProjectConfigurationPlatforms) = postSolution
		{36E2242A-DA22-45FB-A9D5-81A2801F706E}.Debug|Any CPU.ActiveCfg = Debug|Any CPU
		{36E2242A-DA22-45FB-A9D5-81A2801F706E}.Debug|Any CPU.Build.0 = Debug|Any CPU
		{36E2242A-DA22-45FB-A9D5-81A2801F706E}.Release|Any CPU.ActiveCfg = Release|Any CPU
		{36E2242A-DA22-45FB-A9D5-81A2801F706E}.Release|Any CPU.Build.0 = Release|Any CPU
	EndGlobalSection
	GlobalSection(SolutionProperties) = preSolution
		HideSolutionNode = FALSE
	EndGlobalSection
	GlobalSection(ExtensibilityGlobals) = postSolution
		SolutionGuid = {AB2B7B8F-20DC-445B-A140-CA87F91A62CB}
	EndGlobalSection
EndGlobal
