
Microsoft Visual Studio Solution File, Format Version 12.00
# Visual Studio Version 16
VisualStudioVersion = 16.0.31729.503
MinimumVisualStudioVersion = 10.0.40219.1
Project("{FAE04EC0-301F-11D3-BF4B-00C04F79EFBC}") = "08_Array_Adicionales", "08_Array_Adicionales\08_Array_Adicionales.csproj", "{7876C8F8-2CAC-46FE-860D-1F60C74CE41F}"
EndProject
Global
	GlobalSection(SolutionConfigurationPlatforms) = preSolution
		Debug|Any CPU = Debug|Any CPU
		Release|Any CPU = Release|Any CPU
	EndGlobalSection
	GlobalSection(ProjectConfigurationPlatforms) = postSolution
		{7876C8F8-2CAC-46FE-860D-1F60C74CE41F}.Debug|Any CPU.ActiveCfg = Debug|Any CPU
		{7876C8F8-2CAC-46FE-860D-1F60C74CE41F}.Debug|Any CPU.Build.0 = Debug|Any CPU
		{7876C8F8-2CAC-46FE-860D-1F60C74CE41F}.Release|Any CPU.ActiveCfg = Release|Any CPU
		{7876C8F8-2CAC-46FE-860D-1F60C74CE41F}.Release|Any CPU.Build.0 = Release|Any CPU
	EndGlobalSection
	GlobalSection(SolutionProperties) = preSolution
		HideSolutionNode = FALSE
	EndGlobalSection
	GlobalSection(ExtensibilityGlobals) = postSolution
		SolutionGuid = {E1FF5964-D1AD-434B-ABA5-0C5DCF274135}
	EndGlobalSection
EndGlobal
