
Microsoft Visual Studio Solution File, Format Version 12.00
# Visual Studio Version 16
VisualStudioVersion = 16.0.31702.278
MinimumVisualStudioVersion = 10.0.40219.1
Project("{FAE04EC0-301F-11D3-BF4B-00C04F79EFBC}") = "Estructurada_08_LRZ", "Estructurada_08_LRZ\Estructurada_08_LRZ.csproj", "{6211FF31-B911-48F8-ACF0-96ED8E3C3B63}"
EndProject
Global
	GlobalSection(SolutionConfigurationPlatforms) = preSolution
		Debug|Any CPU = Debug|Any CPU
		Release|Any CPU = Release|Any CPU
	EndGlobalSection
	GlobalSection(ProjectConfigurationPlatforms) = postSolution
		{6211FF31-B911-48F8-ACF0-96ED8E3C3B63}.Debug|Any CPU.ActiveCfg = Debug|Any CPU
		{6211FF31-B911-48F8-ACF0-96ED8E3C3B63}.Debug|Any CPU.Build.0 = Debug|Any CPU
		{6211FF31-B911-48F8-ACF0-96ED8E3C3B63}.Release|Any CPU.ActiveCfg = Release|Any CPU
		{6211FF31-B911-48F8-ACF0-96ED8E3C3B63}.Release|Any CPU.Build.0 = Release|Any CPU
	EndGlobalSection
	GlobalSection(SolutionProperties) = preSolution
		HideSolutionNode = FALSE
	EndGlobalSection
	GlobalSection(ExtensibilityGlobals) = postSolution
		SolutionGuid = {EF6F5FFC-F21B-49FC-8075-4D9587B25EC3}
	EndGlobalSection
EndGlobal
