
Microsoft Visual Studio Solution File, Format Version 12.00
# Visual Studio Version 16
VisualStudioVersion = 16.0.31729.503
MinimumVisualStudioVersion = 10.0.40219.1
Project("{FAE04EC0-301F-11D3-BF4B-00C04F79EFBC}") = "Funciones_14_leeNatural_LRZ", "Funciones_14_leeNatural_LRZ\Funciones_14_leeNatural_LRZ.csproj", "{EB9E6024-DEAB-4C17-8B39-7BE1E9173312}"
EndProject
Global
	GlobalSection(SolutionConfigurationPlatforms) = preSolution
		Debug|Any CPU = Debug|Any CPU
		Release|Any CPU = Release|Any CPU
	EndGlobalSection
	GlobalSection(ProjectConfigurationPlatforms) = postSolution
		{EB9E6024-DEAB-4C17-8B39-7BE1E9173312}.Debug|Any CPU.ActiveCfg = Debug|Any CPU
		{EB9E6024-DEAB-4C17-8B39-7BE1E9173312}.Debug|Any CPU.Build.0 = Debug|Any CPU
		{EB9E6024-DEAB-4C17-8B39-7BE1E9173312}.Release|Any CPU.ActiveCfg = Release|Any CPU
		{EB9E6024-DEAB-4C17-8B39-7BE1E9173312}.Release|Any CPU.Build.0 = Release|Any CPU
	EndGlobalSection
	GlobalSection(SolutionProperties) = preSolution
		HideSolutionNode = FALSE
	EndGlobalSection
	GlobalSection(ExtensibilityGlobals) = postSolution
		SolutionGuid = {F056CE2D-CCE1-4A79-B24D-73791DD3EC05}
	EndGlobalSection
EndGlobal
