
Microsoft Visual Studio Solution File, Format Version 12.00
# Visual Studio Version 16
VisualStudioVersion = 16.0.32228.343
MinimumVisualStudioVersion = 10.0.40219.1
Project("{FAE04EC0-301F-11D3-BF4B-00C04F79EFBC}") = "04_interface", "04_interface\04_interface.csproj", "{6E48ACF6-C69D-45CB-B346-8C4FFD604931}"
EndProject
Global
	GlobalSection(SolutionConfigurationPlatforms) = preSolution
		Debug|Any CPU = Debug|Any CPU
		Release|Any CPU = Release|Any CPU
	EndGlobalSection
	GlobalSection(ProjectConfigurationPlatforms) = postSolution
		{6E48ACF6-C69D-45CB-B346-8C4FFD604931}.Debug|Any CPU.ActiveCfg = Debug|Any CPU
		{6E48ACF6-C69D-45CB-B346-8C4FFD604931}.Debug|Any CPU.Build.0 = Debug|Any CPU
		{6E48ACF6-C69D-45CB-B346-8C4FFD604931}.Release|Any CPU.ActiveCfg = Release|Any CPU
		{6E48ACF6-C69D-45CB-B346-8C4FFD604931}.Release|Any CPU.Build.0 = Release|Any CPU
	EndGlobalSection
	GlobalSection(SolutionProperties) = preSolution
		HideSolutionNode = FALSE
	EndGlobalSection
	GlobalSection(ExtensibilityGlobals) = postSolution
		SolutionGuid = {065222D1-8BCA-47EC-98BA-61985F56EF67}
	EndGlobalSection
EndGlobal
