
Microsoft Visual Studio Solution File, Format Version 12.00
# Visual Studio Version 16
VisualStudioVersion = 16.0.31727.386
MinimumVisualStudioVersion = 10.0.40219.1
Project("{9A19103F-16F7-4668-BE54-9A1E7A4F7556}") = "Estructurada_29_LRZ", "Estructurada_29_LRZ\Estructurada_29_LRZ.csproj", "{83B5EBF0-7BEF-4205-9000-A1E5D6855C6C}"
EndProject
Global
	GlobalSection(SolutionConfigurationPlatforms) = preSolution
		Debug|Any CPU = Debug|Any CPU
		Release|Any CPU = Release|Any CPU
	EndGlobalSection
	GlobalSection(ProjectConfigurationPlatforms) = postSolution
		{83B5EBF0-7BEF-4205-9000-A1E5D6855C6C}.Debug|Any CPU.ActiveCfg = Debug|Any CPU
		{83B5EBF0-7BEF-4205-9000-A1E5D6855C6C}.Debug|Any CPU.Build.0 = Debug|Any CPU
		{83B5EBF0-7BEF-4205-9000-A1E5D6855C6C}.Release|Any CPU.ActiveCfg = Release|Any CPU
		{83B5EBF0-7BEF-4205-9000-A1E5D6855C6C}.Release|Any CPU.Build.0 = Release|Any CPU
	EndGlobalSection
	GlobalSection(SolutionProperties) = preSolution
		HideSolutionNode = FALSE
	EndGlobalSection
	GlobalSection(ExtensibilityGlobals) = postSolution
		SolutionGuid = {835B406F-32BE-4395-888E-500F4AF974D6}
	EndGlobalSection
EndGlobal
