
Microsoft Visual Studio Solution File, Format Version 12.00
# Visual Studio Version 16
VisualStudioVersion = 16.0.31702.278
MinimumVisualStudioVersion = 10.0.40219.1
Project("{9A19103F-16F7-4668-BE54-9A1E7A4F7556}") = "Estructurada_17_LRZ", "Estructurada_17_LRZ\Estructurada_17_LRZ.csproj", "{D0304C54-D758-4EDB-BCC5-144E99E04572}"
EndProject
Global
	GlobalSection(SolutionConfigurationPlatforms) = preSolution
		Debug|Any CPU = Debug|Any CPU
		Release|Any CPU = Release|Any CPU
	EndGlobalSection
	GlobalSection(ProjectConfigurationPlatforms) = postSolution
		{D0304C54-D758-4EDB-BCC5-144E99E04572}.Debug|Any CPU.ActiveCfg = Debug|Any CPU
		{D0304C54-D758-4EDB-BCC5-144E99E04572}.Debug|Any CPU.Build.0 = Debug|Any CPU
		{D0304C54-D758-4EDB-BCC5-144E99E04572}.Release|Any CPU.ActiveCfg = Release|Any CPU
		{D0304C54-D758-4EDB-BCC5-144E99E04572}.Release|Any CPU.Build.0 = Release|Any CPU
	EndGlobalSection
	GlobalSection(SolutionProperties) = preSolution
		HideSolutionNode = FALSE
	EndGlobalSection
	GlobalSection(ExtensibilityGlobals) = postSolution
		SolutionGuid = {03D30BCE-8BE7-4A84-97A6-6E4F7AE6ADE9}
	EndGlobalSection
EndGlobal
