
Microsoft Visual Studio Solution File, Format Version 12.00
# Visual Studio Version 16
VisualStudioVersion = 16.0.32228.343
MinimumVisualStudioVersion = 10.0.40219.1
Project("{FAE04EC0-301F-11D3-BF4B-00C04F79EFBC}") = "4", "4\4.csproj", "{B14B4AC8-A3CC-41D2-B408-0CBED9EF7824}"
EndProject
Global
	GlobalSection(SolutionConfigurationPlatforms) = preSolution
		Debug|Any CPU = Debug|Any CPU
		Release|Any CPU = Release|Any CPU
	EndGlobalSection
	GlobalSection(ProjectConfigurationPlatforms) = postSolution
		{B14B4AC8-A3CC-41D2-B408-0CBED9EF7824}.Debug|Any CPU.ActiveCfg = Debug|Any CPU
		{B14B4AC8-A3CC-41D2-B408-0CBED9EF7824}.Debug|Any CPU.Build.0 = Debug|Any CPU
		{B14B4AC8-A3CC-41D2-B408-0CBED9EF7824}.Release|Any CPU.ActiveCfg = Release|Any CPU
		{B14B4AC8-A3CC-41D2-B408-0CBED9EF7824}.Release|Any CPU.Build.0 = Release|Any CPU
	EndGlobalSection
	GlobalSection(SolutionProperties) = preSolution
		HideSolutionNode = FALSE
	EndGlobalSection
	GlobalSection(ExtensibilityGlobals) = postSolution
		SolutionGuid = {C36C4B7D-0B02-4924-BC4D-BF3179F34F1F}
	EndGlobalSection
EndGlobal
