
Microsoft Visual Studio Solution File, Format Version 12.00
# Visual Studio Version 16
VisualStudioVersion = 16.0.31702.278
MinimumVisualStudioVersion = 10.0.40219.1
Project("{9A19103F-16F7-4668-BE54-9A1E7A4F7556}") = "Estructurada_25_LRZ_Prueba", "Estructurada_25_LRZ_Prueba.csproj", "{12857734-9B1E-440D-A05D-3A142B20DC03}"
EndProject
Global
	GlobalSection(SolutionConfigurationPlatforms) = preSolution
		Debug|Any CPU = Debug|Any CPU
		Release|Any CPU = Release|Any CPU
	EndGlobalSection
	GlobalSection(ProjectConfigurationPlatforms) = postSolution
		{12857734-9B1E-440D-A05D-3A142B20DC03}.Debug|Any CPU.ActiveCfg = Debug|Any CPU
		{12857734-9B1E-440D-A05D-3A142B20DC03}.Debug|Any CPU.Build.0 = Debug|Any CPU
		{12857734-9B1E-440D-A05D-3A142B20DC03}.Release|Any CPU.ActiveCfg = Release|Any CPU
		{12857734-9B1E-440D-A05D-3A142B20DC03}.Release|Any CPU.Build.0 = Release|Any CPU
	EndGlobalSection
	GlobalSection(SolutionProperties) = preSolution
		HideSolutionNode = FALSE
	EndGlobalSection
	GlobalSection(ExtensibilityGlobals) = postSolution
		SolutionGuid = {6C947FF1-4088-4E05-A616-AEDB8C68B379}
	EndGlobalSection
EndGlobal
