
Microsoft Visual Studio Solution File, Format Version 12.00
# Visual Studio Version 16
VisualStudioVersion = 16.0.31729.503
MinimumVisualStudioVersion = 10.0.40219.1
Project("{FAE04EC0-301F-11D3-BF4B-00C04F79EFBC}") = "02_Static", "02_Static\02_Static.csproj", "{FE0307D4-2FDC-4D1D-BA25-473B05EE21C1}"
EndProject
Global
	GlobalSection(SolutionConfigurationPlatforms) = preSolution
		Debug|Any CPU = Debug|Any CPU
		Release|Any CPU = Release|Any CPU
	EndGlobalSection
	GlobalSection(ProjectConfigurationPlatforms) = postSolution
		{FE0307D4-2FDC-4D1D-BA25-473B05EE21C1}.Debug|Any CPU.ActiveCfg = Debug|Any CPU
		{FE0307D4-2FDC-4D1D-BA25-473B05EE21C1}.Debug|Any CPU.Build.0 = Debug|Any CPU
		{FE0307D4-2FDC-4D1D-BA25-473B05EE21C1}.Release|Any CPU.ActiveCfg = Release|Any CPU
		{FE0307D4-2FDC-4D1D-BA25-473B05EE21C1}.Release|Any CPU.Build.0 = Release|Any CPU
	EndGlobalSection
	GlobalSection(SolutionProperties) = preSolution
		HideSolutionNode = FALSE
	EndGlobalSection
	GlobalSection(ExtensibilityGlobals) = postSolution
		SolutionGuid = {A017C390-6A83-492B-B3F1-335E5BC6CF1A}
	EndGlobalSection
EndGlobal
