
Microsoft Visual Studio Solution File, Format Version 12.00
# Visual Studio Version 16
VisualStudioVersion = 16.0.31729.503
MinimumVisualStudioVersion = 10.0.40219.1
Project("{FAE04EC0-301F-11D3-BF4B-00C04F79EFBC}") = "05_Dinero_Y_Moneda", "05_Dinero_Y_Moneda\05_Dinero_Y_Moneda.csproj", "{ABACA8CD-AA3C-4DFC-8A51-8C233AE83E6A}"
EndProject
Global
	GlobalSection(SolutionConfigurationPlatforms) = preSolution
		Debug|Any CPU = Debug|Any CPU
		Release|Any CPU = Release|Any CPU
	EndGlobalSection
	GlobalSection(ProjectConfigurationPlatforms) = postSolution
		{ABACA8CD-AA3C-4DFC-8A51-8C233AE83E6A}.Debug|Any CPU.ActiveCfg = Debug|Any CPU
		{ABACA8CD-AA3C-4DFC-8A51-8C233AE83E6A}.Debug|Any CPU.Build.0 = Debug|Any CPU
		{ABACA8CD-AA3C-4DFC-8A51-8C233AE83E6A}.Release|Any CPU.ActiveCfg = Release|Any CPU
		{ABACA8CD-AA3C-4DFC-8A51-8C233AE83E6A}.Release|Any CPU.Build.0 = Release|Any CPU
	EndGlobalSection
	GlobalSection(SolutionProperties) = preSolution
		HideSolutionNode = FALSE
	EndGlobalSection
	GlobalSection(ExtensibilityGlobals) = postSolution
		SolutionGuid = {36E15A4B-70F8-4657-A374-07B979B9CE87}
	EndGlobalSection
EndGlobal
