
Microsoft Visual Studio Solution File, Format Version 12.00
# Visual Studio Version 16
VisualStudioVersion = 16.0.31729.503
MinimumVisualStudioVersion = 10.0.40219.1
Project("{FAE04EC0-301F-11D3-BF4B-00C04F79EFBC}") = "01_Parámetros", "01_Parámetros\01_Parámetros.csproj", "{9657D3E6-DCC6-4BF9-813F-CC0D74E7B993}"
EndProject
Global
	GlobalSection(SolutionConfigurationPlatforms) = preSolution
		Debug|Any CPU = Debug|Any CPU
		Release|Any CPU = Release|Any CPU
	EndGlobalSection
	GlobalSection(ProjectConfigurationPlatforms) = postSolution
		{9657D3E6-DCC6-4BF9-813F-CC0D74E7B993}.Debug|Any CPU.ActiveCfg = Debug|Any CPU
		{9657D3E6-DCC6-4BF9-813F-CC0D74E7B993}.Debug|Any CPU.Build.0 = Debug|Any CPU
		{9657D3E6-DCC6-4BF9-813F-CC0D74E7B993}.Release|Any CPU.ActiveCfg = Release|Any CPU
		{9657D3E6-DCC6-4BF9-813F-CC0D74E7B993}.Release|Any CPU.Build.0 = Release|Any CPU
	EndGlobalSection
	GlobalSection(SolutionProperties) = preSolution
		HideSolutionNode = FALSE
	EndGlobalSection
	GlobalSection(ExtensibilityGlobals) = postSolution
		SolutionGuid = {A080BFE1-E19F-48D9-93EC-C1C2AB9B3DC6}
	EndGlobalSection
EndGlobal
