
Microsoft Visual Studio Solution File, Format Version 12.00
# Visual Studio Version 17
VisualStudioVersion = 17.1.32328.378
MinimumVisualStudioVersion = 10.0.40219.1
Project("{FAE04EC0-301F-11D3-BF4B-00C04F79EFBC}") = "01", "01\01.csproj", "{65029149-2C88-4E7A-9CE0-3EA652AFC6DF}"
EndProject
Global
	GlobalSection(SolutionConfigurationPlatforms) = preSolution
		Debug|Any CPU = Debug|Any CPU
		Release|Any CPU = Release|Any CPU
	EndGlobalSection
	GlobalSection(ProjectConfigurationPlatforms) = postSolution
		{65029149-2C88-4E7A-9CE0-3EA652AFC6DF}.Debug|Any CPU.ActiveCfg = Debug|Any CPU
		{65029149-2C88-4E7A-9CE0-3EA652AFC6DF}.Debug|Any CPU.Build.0 = Debug|Any CPU
		{65029149-2C88-4E7A-9CE0-3EA652AFC6DF}.Release|Any CPU.ActiveCfg = Release|Any CPU
		{65029149-2C88-4E7A-9CE0-3EA652AFC6DF}.Release|Any CPU.Build.0 = Release|Any CPU
	EndGlobalSection
	GlobalSection(SolutionProperties) = preSolution
		HideSolutionNode = FALSE
	EndGlobalSection
	GlobalSection(ExtensibilityGlobals) = postSolution
		SolutionGuid = {7FEEDF74-6952-4CFA-87FE-552AD2000F4C}
	EndGlobalSection
EndGlobal
