
Microsoft Visual Studio Solution File, Format Version 12.00
# Visual Studio Version 16
VisualStudioVersion = 16.0.31729.503
MinimumVisualStudioVersion = 10.0.40219.1
Project("{FAE04EC0-301F-11D3-BF4B-00C04F79EFBC}") = "Ej2_Lucas_Ruiz_Zapata", "Ej2_Lucas_Ruiz_Zapata\Ej2_Lucas_Ruiz_Zapata.csproj", "{8081C8E9-2445-431B-BB8F-590A07FF1D95}"
EndProject
Global
	GlobalSection(SolutionConfigurationPlatforms) = preSolution
		Debug|Any CPU = Debug|Any CPU
		Release|Any CPU = Release|Any CPU
	EndGlobalSection
	GlobalSection(ProjectConfigurationPlatforms) = postSolution
		{8081C8E9-2445-431B-BB8F-590A07FF1D95}.Debug|Any CPU.ActiveCfg = Debug|Any CPU
		{8081C8E9-2445-431B-BB8F-590A07FF1D95}.Debug|Any CPU.Build.0 = Debug|Any CPU
		{8081C8E9-2445-431B-BB8F-590A07FF1D95}.Release|Any CPU.ActiveCfg = Release|Any CPU
		{8081C8E9-2445-431B-BB8F-590A07FF1D95}.Release|Any CPU.Build.0 = Release|Any CPU
	EndGlobalSection
	GlobalSection(SolutionProperties) = preSolution
		HideSolutionNode = FALSE
	EndGlobalSection
	GlobalSection(ExtensibilityGlobals) = postSolution
		SolutionGuid = {591EC194-6D70-4BC6-8B89-86975FBAE28F}
	EndGlobalSection
EndGlobal
