
Microsoft Visual Studio Solution File, Format Version 12.00
# Visual Studio Version 16
VisualStudioVersion = 16.0.31729.503
MinimumVisualStudioVersion = 10.0.40219.1
Project("{FAE04EC0-301F-11D3-BF4B-00C04F79EFBC}") = "Estructurada_42_LRZ", "Estructurada_42_LRZ\Estructurada_42_LRZ.csproj", "{EADFBE1D-EC33-41D4-9433-90A9180B2E96}"
EndProject
Project("{9A19103F-16F7-4668-BE54-9A1E7A4F7556}") = "Estructurado42", "C:\Users\Lucas\Downloads\estructurado\Estructurado42\Estructurado42\Estructurado42.csproj", "{6C3294A2-4DF4-4E40-9115-4D2B4E3638ED}"
EndProject
Global
	GlobalSection(SolutionConfigurationPlatforms) = preSolution
		Debug|Any CPU = Debug|Any CPU
		Release|Any CPU = Release|Any CPU
	EndGlobalSection
	GlobalSection(ProjectConfigurationPlatforms) = postSolution
		{EADFBE1D-EC33-41D4-9433-90A9180B2E96}.Debug|Any CPU.ActiveCfg = Debug|Any CPU
		{EADFBE1D-EC33-41D4-9433-90A9180B2E96}.Debug|Any CPU.Build.0 = Debug|Any CPU
		{EADFBE1D-EC33-41D4-9433-90A9180B2E96}.Release|Any CPU.ActiveCfg = Release|Any CPU
		{EADFBE1D-EC33-41D4-9433-90A9180B2E96}.Release|Any CPU.Build.0 = Release|Any CPU
		{6C3294A2-4DF4-4E40-9115-4D2B4E3638ED}.Debug|Any CPU.ActiveCfg = Debug|Any CPU
		{6C3294A2-4DF4-4E40-9115-4D2B4E3638ED}.Debug|Any CPU.Build.0 = Debug|Any CPU
		{6C3294A2-4DF4-4E40-9115-4D2B4E3638ED}.Release|Any CPU.ActiveCfg = Release|Any CPU
		{6C3294A2-4DF4-4E40-9115-4D2B4E3638ED}.Release|Any CPU.Build.0 = Release|Any CPU
	EndGlobalSection
	GlobalSection(SolutionProperties) = preSolution
		HideSolutionNode = FALSE
	EndGlobalSection
	GlobalSection(ExtensibilityGlobals) = postSolution
		SolutionGuid = {DE8A5CE3-DDBA-434B-B3E7-503205B2E127}
	EndGlobalSection
EndGlobal
