
Microsoft Visual Studio Solution File, Format Version 12.00
# Visual Studio Version 17
VisualStudioVersion = 17.1.32414.318
MinimumVisualStudioVersion = 10.0.40219.1
Project("{FAE04EC0-301F-11D3-BF4B-00C04F79EFBC}") = "07_Visual", "07_Visual\07_Visual.csproj", "{4642361F-C6F2-43B2-9DBD-65A34FEF7CD1}"
EndProject
Global
	GlobalSection(SolutionConfigurationPlatforms) = preSolution
		Debug|Any CPU = Debug|Any CPU
		Release|Any CPU = Release|Any CPU
	EndGlobalSection
	GlobalSection(ProjectConfigurationPlatforms) = postSolution
		{4642361F-C6F2-43B2-9DBD-65A34FEF7CD1}.Debug|Any CPU.ActiveCfg = Debug|Any CPU
		{4642361F-C6F2-43B2-9DBD-65A34FEF7CD1}.Debug|Any CPU.Build.0 = Debug|Any CPU
		{4642361F-C6F2-43B2-9DBD-65A34FEF7CD1}.Release|Any CPU.ActiveCfg = Release|Any CPU
		{4642361F-C6F2-43B2-9DBD-65A34FEF7CD1}.Release|Any CPU.Build.0 = Release|Any CPU
	EndGlobalSection
	GlobalSection(SolutionProperties) = preSolution
		HideSolutionNode = FALSE
	EndGlobalSection
	GlobalSection(ExtensibilityGlobals) = postSolution
		SolutionGuid = {38411E8E-9A6D-4A91-9891-200BCA2C9984}
	EndGlobalSection
EndGlobal
