
Microsoft Visual Studio Solution File, Format Version 12.00
# Visual Studio Version 16
VisualStudioVersion = 16.0.31729.503
MinimumVisualStudioVersion = 10.0.40219.1
Project("{FAE04EC0-301F-11D3-BF4B-00C04F79EFBC}") = "Estructurada_36_LRZ", "Estructurada_36_LRZ\Estructurada_36_LRZ.csproj", "{0617AEF1-8FB4-4D0C-BCBC-A6AE08B15F25}"
EndProject
Global
	GlobalSection(SolutionConfigurationPlatforms) = preSolution
		Debug|Any CPU = Debug|Any CPU
		Release|Any CPU = Release|Any CPU
	EndGlobalSection
	GlobalSection(ProjectConfigurationPlatforms) = postSolution
		{0617AEF1-8FB4-4D0C-BCBC-A6AE08B15F25}.Debug|Any CPU.ActiveCfg = Debug|Any CPU
		{0617AEF1-8FB4-4D0C-BCBC-A6AE08B15F25}.Debug|Any CPU.Build.0 = Debug|Any CPU
		{0617AEF1-8FB4-4D0C-BCBC-A6AE08B15F25}.Release|Any CPU.ActiveCfg = Release|Any CPU
		{0617AEF1-8FB4-4D0C-BCBC-A6AE08B15F25}.Release|Any CPU.Build.0 = Release|Any CPU
	EndGlobalSection
	GlobalSection(SolutionProperties) = preSolution
		HideSolutionNode = FALSE
	EndGlobalSection
	GlobalSection(ExtensibilityGlobals) = postSolution
		SolutionGuid = {C2E4710C-CBDE-40E4-86BD-30B0310D8976}
	EndGlobalSection
EndGlobal
